
Microsoft Visual Studio Solution File, Format Version 12.00
# Visual Studio Version 16
VisualStudioVersion = 16.0.31829.152
MinimumVisualStudioVersion = 10.0.40219.1
Project("{9A19103F-16F7-4668-BE54-9A1E7A4F7556}") = "Config", "Config.csproj", "{CE049C8C-9862-4341-8218-F701D9489F56}"
EndProject
Global
	GlobalSection(SolutionConfigurationPlatforms) = preSolution
		Debug|Any CPU = Debug|Any CPU
		Release|Any CPU = Release|Any CPU
	EndGlobalSection
	GlobalSection(ProjectConfigurationPlatforms) = postSolution
		{CE049C8C-9862-4341-8218-F701D9489F56}.Debug|Any CPU.ActiveCfg = Debug|Any CPU
		{CE049C8C-9862-4341-8218-F701D9489F56}.Debug|Any CPU.Build.0 = Debug|Any CPU
		{CE049C8C-9862-4341-8218-F701D9489F56}.Release|Any CPU.ActiveCfg = Release|Any CPU
		{CE049C8C-9862-4341-8218-F701D9489F56}.Release|Any CPU.Build.0 = Release|Any CPU
	EndGlobalSection
	GlobalSection(SolutionProperties) = preSolution
		HideSolutionNode = FALSE
	EndGlobalSection
	GlobalSection(ExtensibilityGlobals) = postSolution
		SolutionGuid = {532497C1-1457-4FD8-8400-78B498B19EBA}
	EndGlobalSection
EndGlobal
